
Microsoft Visual Studio Solution File, Format Version 12.00
# Visual Studio 15
VisualStudioVersion = 15.0.27703.2026
MinimumVisualStudioVersion = 10.0.40219.1
Project("{FAE04EC0-301F-11D3-BF4B-00C04F79EFBC}") = "Poppa", "Poppa\Poppa.csproj", "{50E3710E-4AF9-4EBB-BA99-108127E08ECA}"
EndProject
Global
	GlobalSection(SolutionConfigurationPlatforms) = preSolution
		Debug|Any CPU = Debug|Any CPU
		Release|Any CPU = Release|Any CPU
	EndGlobalSection
	GlobalSection(ProjectConfigurationPlatforms) = postSolution
		{50E3710E-4AF9-4EBB-BA99-108127E08ECA}.Debug|Any CPU.ActiveCfg = Debug|Any CPU
		{50E3710E-4AF9-4EBB-BA99-108127E08ECA}.Debug|Any CPU.Build.0 = Debug|Any CPU
		{50E3710E-4AF9-4EBB-BA99-108127E08ECA}.Release|Any CPU.ActiveCfg = Release|Any CPU
		{50E3710E-4AF9-4EBB-BA99-108127E08ECA}.Release|Any CPU.Build.0 = Release|Any CPU
	EndGlobalSection
	GlobalSection(SolutionProperties) = preSolution
		HideSolutionNode = FALSE
	EndGlobalSection
	GlobalSection(ExtensibilityGlobals) = postSolution
		SolutionGuid = {D7986E56-F6EC-4CC1-AF64-B427953927D9}
	EndGlobalSection
EndGlobal
